# Committed baseline generated by sbproxy-mcp-drift. One digest and
# declared semver per advertised tool; the embedded contract lets the
# gateway grade changes structurally instead of only detecting them.
version: 1
generated_for: mcp.example.com
tools:
  search:
    semver: "1.0.0"
    contract_digest: "sha256:0000000000000000000000000000000000000000000000000000000000000000"
    contract:
      name: search
      description: search public repositories
      inputSchema:
        type: object
        properties:
          q:
            type: string
